
Microsoft Visual Studio Solution File, Format Version 12.00
# Visual Studio Version 17
VisualStudioVersion = 17.10.35027.167
MinimumVisualStudioVersion = 10.0.40219.1
Project("{2150E333-8FDC-42A3-9474-1A3956D46DE8}") = "Task_1", "Task_1", "{BF6605CC-B779-4278-835F-90BC1060503A}"
EndProject
Project("{8BC9CEB8-8B4A-11D0-8D11-00A0C91BC942}") = "StaticLib", "StaticLib\StaticLib.vcxproj", "{6B1E9625-BCC5-46B6-8C65-435E2E4B8DCC}"
EndProject
Project("{2150E333-8FDC-42A3-9474-1A3956D46DE8}") = "Task_2", "Task_2", "{F82BDB5F-D406-44F4-9203-B797743F8D9F}"
EndProject
Project("{8BC9CEB8-8B4A-11D0-8D11-00A0C91BC942}") = "DynamicLib", "DynamicLib\DynamicLib.vcxproj", "{2F9BEEAA-8A49-4DE0-86AF-64F90D4469DA}"
EndProject
Project("{8BC9CEB8-8B4A-11D0-8D11-00A0C91BC942}") = "TestDynLib", "TestDynLib\TestDynLib.vcxproj", "{5C318538-3E59-400F-971E-663CA0F49DA3}"
EndProject
Project("{8BC9CEB8-8B4A-11D0-8D11-00A0C91BC942}") = "TestStLib", "TestStLib\TestStLib.vcxproj", "{8DB9311C-A82D-4257-88B6-8CFD3E35B89B}"
EndProject
Project("{2150E333-8FDC-42A3-9474-1A3956D46DE8}") = "Task_3", "Task_3", "{9A66106C-3608-4DCB-AB5B-AA6C976DC174}"
EndProject
Project("{8BC9CEB8-8B4A-11D0-8D11-00A0C91BC942}") = "task3", "task3\task3.vcxproj", "{E3D06140-FB56-4262-B428-65A0DA7391B6}"
EndProject
Project("{2150E333-8FDC-42A3-9474-1A3956D46DE8}") = "Task_4", "Task_4", "{D3FD244E-54AA-4B82-B2E4-739AFDBF8953}"
EndProject
Project("{8BC9CEB8-8B4A-11D0-8D11-00A0C91BC942}") = "task4", "task4\task4.vcxproj", "{D02DFE2D-BFCE-4720-AE8D-AF3537002BDF}"
EndProject
Project("{2150E333-8FDC-42A3-9474-1A3956D46DE8}") = "Task_5", "Task_5", "{25C2EB64-4130-49E0-B2E7-CF8C6B56F122}"
EndProject
Project("{8BC9CEB8-8B4A-11D0-8D11-00A0C91BC942}") = "task5", "task5\task5.vcxproj", "{078C83CF-FDAE-48B1-A7D2-CA7C785C3664}"
EndProject
Project("{8BC9CEB8-8B4A-11D0-8D11-00A0C91BC942}") = "Sample-Test5", "Sample-Test5\Sample-Test5.vcxproj", "{985120E2-3CD8-4966-87D0-A86D1F7B1E90}"
EndProject
Project("{8BC9CEB8-8B4A-11D0-8D11-00A0C91BC942}") = "Sample-Test4", "Sample-Test4\Sample-Test4.vcxproj", "{4A99D56F-40A8-4859-982C-72992A221D29}"
EndProject
Project("{8BC9CEB8-8B4A-11D0-8D11-00A0C91BC942}") = "Sample-Test3", "Sample-Test3\Sample-Test3.vcxproj", "{29639CA8-9C3D-42B3-9081-92DBA47D2AC8}"
EndProject
Project("{8BC9CEB8-8B4A-11D0-8D11-00A0C91BC942}") = "Sample-Test1", "Sample-Test1\Sample-Test1.vcxproj", "{7129AD03-201D-4EEE-B8A1-8F1F96EEA58A}"
EndProject
Project("{8BC9CEB8-8B4A-11D0-8D11-00A0C91BC942}") = "Sample-Test2", "Sample-Test2\Sample-Test2.vcxproj", "{ED9A53BD-92DB-4215-A6B5-5C737B9531E2}"
EndProject
Global
	GlobalSection(SolutionConfigurationPlatforms) = preSolution
		Debug|x64 = Debug|x64
		Debug|x86 = Debug|x86
		Release|x64 = Release|x64
		Release|x86 = Release|x86
	EndGlobalSection
	GlobalSection(ProjectConfigurationPlatforms) = postSolution
		{6B1E9625-BCC5-46B6-8C65-435E2E4B8DCC}.Debug|x64.ActiveCfg = Debug|x64
		{6B1E9625-BCC5-46B6-8C65-435E2E4B8DCC}.Debug|x64.Build.0 = Debug|x64
		{6B1E9625-BCC5-46B6-8C65-435E2E4B8DCC}.Debug|x86.ActiveCfg = Debug|Win32
		{6B1E9625-BCC5-46B6-8C65-435E2E4B8DCC}.Debug|x86.Build.0 = Debug|Win32
		{6B1E9625-BCC5-46B6-8C65-435E2E4B8DCC}.Release|x64.ActiveCfg = Release|x64
		{6B1E9625-BCC5-46B6-8C65-435E2E4B8DCC}.Release|x64.Build.0 = Release|x64
		{6B1E9625-BCC5-46B6-8C65-435E2E4B8DCC}.Release|x86.ActiveCfg = Release|Win32
		{6B1E9625-BCC5-46B6-8C65-435E2E4B8DCC}.Release|x86.Build.0 = Release|Win32
		{2F9BEEAA-8A49-4DE0-86AF-64F90D4469DA}.Debug|x64.ActiveCfg = Debug|x64
		{2F9BEEAA-8A49-4DE0-86AF-64F90D4469DA}.Debug|x64.Build.0 = Debug|x64
		{2F9BEEAA-8A49-4DE0-86AF-64F90D4469DA}.Debug|x86.ActiveCfg = Debug|Win32
		{2F9BEEAA-8A49-4DE0-86AF-64F90D4469DA}.Debug|x86.Build.0 = Debug|Win32
		{2F9BEEAA-8A49-4DE0-86AF-64F90D4469DA}.Release|x64.ActiveCfg = Release|x64
		{2F9BEEAA-8A49-4DE0-86AF-64F90D4469DA}.Release|x64.Build.0 = Release|x64
		{2F9BEEAA-8A49-4DE0-86AF-64F90D4469DA}.Release|x86.ActiveCfg = Release|Win32
		{2F9BEEAA-8A49-4DE0-86AF-64F90D4469DA}.Release|x86.Build.0 = Release|Win32
		{5C318538-3E59-400F-971E-663CA0F49DA3}.Debug|x64.ActiveCfg = Debug|x64
		{5C318538-3E59-400F-971E-663CA0F49DA3}.Debug|x64.Build.0 = Debug|x64
		{5C318538-3E59-400F-971E-663CA0F49DA3}.Debug|x86.ActiveCfg = Debug|Win32
		{5C318538-3E59-400F-971E-663CA0F49DA3}.Debug|x86.Build.0 = Debug|Win32
		{5C318538-3E59-400F-971E-663CA0F49DA3}.Release|x64.ActiveCfg = Release|x64
		{5C318538-3E59-400F-971E-663CA0F49DA3}.Release|x64.Build.0 = Release|x64
		{5C318538-3E59-400F-971E-663CA0F49DA3}.Release|x86.ActiveCfg = Release|Win32
		{5C318538-3E59-400F-971E-663CA0F49DA3}.Release|x86.Build.0 = Release|Win32
		{8DB9311C-A82D-4257-88B6-8CFD3E35B89B}.Debug|x64.ActiveCfg = Debug|x64
		{8DB9311C-A82D-4257-88B6-8CFD3E35B89B}.Debug|x64.Build.0 = Debug|x64
		{8DB9311C-A82D-4257-88B6-8CFD3E35B89B}.Debug|x86.ActiveCfg = Debug|Win32
		{8DB9311C-A82D-4257-88B6-8CFD3E35B89B}.Debug|x86.Build.0 = Debug|Win32
		{8DB9311C-A82D-4257-88B6-8CFD3E35B89B}.Release|x64.ActiveCfg = Release|x64
		{8DB9311C-A82D-4257-88B6-8CFD3E35B89B}.Release|x64.Build.0 = Release|x64
		{8DB9311C-A82D-4257-88B6-8CFD3E35B89B}.Release|x86.ActiveCfg = Release|Win32
		{8DB9311C-A82D-4257-88B6-8CFD3E35B89B}.Release|x86.Build.0 = Release|Win32
		{E3D06140-FB56-4262-B428-65A0DA7391B6}.Debug|x64.ActiveCfg = Debug|x64
		{E3D06140-FB56-4262-B428-65A0DA7391B6}.Debug|x64.Build.0 = Debug|x64
		{E3D06140-FB56-4262-B428-65A0DA7391B6}.Debug|x86.ActiveCfg = Debug|Win32
		{E3D06140-FB56-4262-B428-65A0DA7391B6}.Debug|x86.Build.0 = Debug|Win32
		{E3D06140-FB56-4262-B428-65A0DA7391B6}.Release|x64.ActiveCfg = Release|x64
		{E3D06140-FB56-4262-B428-65A0DA7391B6}.Release|x64.Build.0 = Release|x64
		{E3D06140-FB56-4262-B428-65A0DA7391B6}.Release|x86.ActiveCfg = Release|Win32
		{E3D06140-FB56-4262-B428-65A0DA7391B6}.Release|x86.Build.0 = Release|Win32
		{D02DFE2D-BFCE-4720-AE8D-AF3537002BDF}.Debug|x64.ActiveCfg = Debug|x64
		{D02DFE2D-BFCE-4720-AE8D-AF3537002BDF}.Debug|x64.Build.0 = Debug|x64
		{D02DFE2D-BFCE-4720-AE8D-AF3537002BDF}.Debug|x86.ActiveCfg = Debug|Win32
		{D02DFE2D-BFCE-4720-AE8D-AF3537002BDF}.Debug|x86.Build.0 = Debug|Win32
		{D02DFE2D-BFCE-4720-AE8D-AF3537002BDF}.Release|x64.ActiveCfg = Release|x64
		{D02DFE2D-BFCE-4720-AE8D-AF3537002BDF}.Release|x64.Build.0 = Release|x64
		{D02DFE2D-BFCE-4720-AE8D-AF3537002BDF}.Release|x86.ActiveCfg = Release|Win32
		{D02DFE2D-BFCE-4720-AE8D-AF3537002BDF}.Release|x86.Build.0 = Release|Win32
		{078C83CF-FDAE-48B1-A7D2-CA7C785C3664}.Debug|x64.ActiveCfg = Debug|x64
		{078C83CF-FDAE-48B1-A7D2-CA7C785C3664}.Debug|x64.Build.0 = Debug|x64
		{078C83CF-FDAE-48B1-A7D2-CA7C785C3664}.Debug|x86.ActiveCfg = Debug|Win32
		{078C83CF-FDAE-48B1-A7D2-CA7C785C3664}.Debug|x86.Build.0 = Debug|Win32
		{078C83CF-FDAE-48B1-A7D2-CA7C785C3664}.Release|x64.ActiveCfg = Release|x64
		{078C83CF-FDAE-48B1-A7D2-CA7C785C3664}.Release|x64.Build.0 = Release|x64
		{078C83CF-FDAE-48B1-A7D2-CA7C785C3664}.Release|x86.ActiveCfg = Release|Win32
		{078C83CF-FDAE-48B1-A7D2-CA7C785C3664}.Release|x86.Build.0 = Release|Win32
		{985120E2-3CD8-4966-87D0-A86D1F7B1E90}.Debug|x64.ActiveCfg = Debug|x64
		{985120E2-3CD8-4966-87D0-A86D1F7B1E90}.Debug|x64.Build.0 = Debug|x64
		{985120E2-3CD8-4966-87D0-A86D1F7B1E90}.Debug|x86.ActiveCfg = Debug|Win32
		{985120E2-3CD8-4966-87D0-A86D1F7B1E90}.Debug|x86.Build.0 = Debug|Win32
		{985120E2-3CD8-4966-87D0-A86D1F7B1E90}.Release|x64.ActiveCfg = Release|x64
		{985120E2-3CD8-4966-87D0-A86D1F7B1E90}.Release|x64.Build.0 = Release|x64
		{985120E2-3CD8-4966-87D0-A86D1F7B1E90}.Release|x86.ActiveCfg = Release|Win32
		{985120E2-3CD8-4966-87D0-A86D1F7B1E90}.Release|x86.Build.0 = Release|Win32
		{4A99D56F-40A8-4859-982C-72992A221D29}.Debug|x64.ActiveCfg = Debug|x64
		{4A99D56F-40A8-4859-982C-72992A221D29}.Debug|x64.Build.0 = Debug|x64
		{4A99D56F-40A8-4859-982C-72992A221D29}.Debug|x86.ActiveCfg = Debug|Win32
		{4A99D56F-40A8-4859-982C-72992A221D29}.Debug|x86.Build.0 = Debug|Win32
		{4A99D56F-40A8-4859-982C-72992A221D29}.Release|x64.ActiveCfg = Release|x64
		{4A99D56F-40A8-4859-982C-72992A221D29}.Release|x64.Build.0 = Release|x64
		{4A99D56F-40A8-4859-982C-72992A221D29}.Release|x86.ActiveCfg = Release|Win32
		{4A99D56F-40A8-4859-982C-72992A221D29}.Release|x86.Build.0 = Release|Win32
		{29639CA8-9C3D-42B3-9081-92DBA47D2AC8}.Debug|x64.ActiveCfg = Debug|x64
		{29639CA8-9C3D-42B3-9081-92DBA47D2AC8}.Debug|x64.Build.0 = Debug|x64
		{29639CA8-9C3D-42B3-9081-92DBA47D2AC8}.Debug|x86.ActiveCfg = Debug|Win32
		{29639CA8-9C3D-42B3-9081-92DBA47D2AC8}.Debug|x86.Build.0 = Debug|Win32
		{29639CA8-9C3D-42B3-9081-92DBA47D2AC8}.Release|x64.ActiveCfg = Release|x64
		{29639CA8-9C3D-42B3-9081-92DBA47D2AC8}.Release|x64.Build.0 = Release|x64
		{29639CA8-9C3D-42B3-9081-92DBA47D2AC8}.Release|x86.ActiveCfg = Release|Win32
		{29639CA8-9C3D-42B3-9081-92DBA47D2AC8}.Release|x86.Build.0 = Release|Win32
		{7129AD03-201D-4EEE-B8A1-8F1F96EEA58A}.Debug|x64.ActiveCfg = Debug|x64
		{7129AD03-201D-4EEE-B8A1-8F1F96EEA58A}.Debug|x64.Build.0 = Debug|x64
		{7129AD03-201D-4EEE-B8A1-8F1F96EEA58A}.Debug|x86.ActiveCfg = Debug|Win32
		{7129AD03-201D-4EEE-B8A1-8F1F96EEA58A}.Debug|x86.Build.0 = Debug|Win32
		{7129AD03-201D-4EEE-B8A1-8F1F96EEA58A}.Release|x64.ActiveCfg = Release|x64
		{7129AD03-201D-4EEE-B8A1-8F1F96EEA58A}.Release|x64.Build.0 = Release|x64
		{7129AD03-201D-4EEE-B8A1-8F1F96EEA58A}.Release|x86.ActiveCfg = Release|Win32
		{7129AD03-201D-4EEE-B8A1-8F1F96EEA58A}.Release|x86.Build.0 = Release|Win32
		{ED9A53BD-92DB-4215-A6B5-5C737B9531E2}.Debug|x64.ActiveCfg = Debug|x64
		{ED9A53BD-92DB-4215-A6B5-5C737B9531E2}.Debug|x64.Build.0 = Debug|x64
		{ED9A53BD-92DB-4215-A6B5-5C737B9531E2}.Debug|x86.ActiveCfg = Debug|Win32
		{ED9A53BD-92DB-4215-A6B5-5C737B9531E2}.Debug|x86.Build.0 = Debug|Win32
		{ED9A53BD-92DB-4215-A6B5-5C737B9531E2}.Release|x64.ActiveCfg = Release|x64
		{ED9A53BD-92DB-4215-A6B5-5C737B9531E2}.Release|x64.Build.0 = Release|x64
		{ED9A53BD-92DB-4215-A6B5-5C737B9531E2}.Release|x86.ActiveCfg = Release|Win32
		{ED9A53BD-92DB-4215-A6B5-5C737B9531E2}.Release|x86.Build.0 = Release|Win32
	EndGlobalSection
	GlobalSection(SolutionProperties) = preSolution
		HideSolutionNode = FALSE
	EndGlobalSection
	GlobalSection(NestedProjects) = preSolution
		{6B1E9625-BCC5-46B6-8C65-435E2E4B8DCC} = {BF6605CC-B779-4278-835F-90BC1060503A}
		{2F9BEEAA-8A49-4DE0-86AF-64F90D4469DA} = {F82BDB5F-D406-44F4-9203-B797743F8D9F}
		{5C318538-3E59-400F-971E-663CA0F49DA3} = {F82BDB5F-D406-44F4-9203-B797743F8D9F}
		{8DB9311C-A82D-4257-88B6-8CFD3E35B89B} = {BF6605CC-B779-4278-835F-90BC1060503A}
		{E3D06140-FB56-4262-B428-65A0DA7391B6} = {9A66106C-3608-4DCB-AB5B-AA6C976DC174}
		{D02DFE2D-BFCE-4720-AE8D-AF3537002BDF} = {D3FD244E-54AA-4B82-B2E4-739AFDBF8953}
		{078C83CF-FDAE-48B1-A7D2-CA7C785C3664} = {25C2EB64-4130-49E0-B2E7-CF8C6B56F122}
		{985120E2-3CD8-4966-87D0-A86D1F7B1E90} = {25C2EB64-4130-49E0-B2E7-CF8C6B56F122}
		{4A99D56F-40A8-4859-982C-72992A221D29} = {D3FD244E-54AA-4B82-B2E4-739AFDBF8953}
		{29639CA8-9C3D-42B3-9081-92DBA47D2AC8} = {9A66106C-3608-4DCB-AB5B-AA6C976DC174}
		{7129AD03-201D-4EEE-B8A1-8F1F96EEA58A} = {BF6605CC-B779-4278-835F-90BC1060503A}
		{ED9A53BD-92DB-4215-A6B5-5C737B9531E2} = {F82BDB5F-D406-44F4-9203-B797743F8D9F}
	EndGlobalSection
	GlobalSection(ExtensibilityGlobals) = postSolution
		SolutionGuid = {41FF0933-C4A9-4335-83F9-E53D772438D0}
	EndGlobalSection
EndGlobal
